# This file is automatically @generated by Cargo.
# It is not intended for manual editing.
version = 4

[[package]]
name = "parlance"
version = "0.1.0"
dependencies = [
 "parlance-compiler",
 "parlance-diagnostics",
 "parlance-parser",
 "parlance-vm",
]

[[package]]
name = "parlance-compiler"
version = "0.1.0"
dependencies = [
 "parlance-diagnostics",
 "parlance-parser",
 "parlance-vm",
]

[[package]]
name = "parlance-diagnostics"
version = "0.1.0"

[[package]]
name = "parlance-parser"
version = "0.1.0"
dependencies = [
 "parlance-diagnostics",
]

[[package]]
name = "parlance-vm"
version = "0.1.0"
